
Microsoft Visual Studio Solution File, Format Version 12.00
# Visual Studio Version 16
VisualStudioVersion = 16.0.31019.35
MinimumVisualStudioVersion = 10.0.40219.1
Project("{FAE04EC0-301F-11D3-BF4B-00C04F79EFBC}") = "Hotel California - Data manipulation Layer", "Hotel California - Data manipulation Layer\Hotel California - Data manipulation Layer.csproj", "{EB6C4218-F42A-43F3-B72F-4AB8F4A67448}"
EndProject
Project("{9A19103F-16F7-4668-BE54-9A1E7A4F7556}") = "Hotel California - WebClient.Server", "Hotel California - WebClient\Server\Hotel California - WebClient.Server.csproj", "{338112FC-9205-4DF4-B14D-64FF1FD28EF3}"
EndProject
Project("{9A19103F-16F7-4668-BE54-9A1E7A4F7556}") = "Hotel California - WebClient.Client", "Hotel California - WebClient\Client\Hotel California - WebClient.Client.csproj", "{BFB0B9A3-3D83-46C9-95FB-1D9FEA23A2A0}"
EndProject
Project("{9A19103F-16F7-4668-BE54-9A1E7A4F7556}") = "Hotel California - WebClient.Shared", "Hotel California - WebClient\Shared\Hotel California - WebClient.Shared.csproj", "{0D23D69E-B98A-4D94-B698-86AD61AF64AF}"
EndProject
Project("{9A19103F-16F7-4668-BE54-9A1E7A4F7556}") = "WindowsFormsApp", "WindowsFormsApp\WindowsFormsApp.csproj", "{1AF6472A-1E86-47FE-B04C-782E4726CF1E}"
EndProject
Project("{9A19103F-16F7-4668-BE54-9A1E7A4F7556}") = "Controller", "Controller\Controller.csproj", "{551903A9-1B3E-42FE-B401-F2B0377B3D37}"
EndProject
Global
	GlobalSection(SolutionConfigurationPlatforms) = preSolution
		Debug|Any CPU = Debug|Any CPU
		Release|Any CPU = Release|Any CPU
	EndGlobalSection
	GlobalSection(ProjectConfigurationPlatforms) = postSolution
		{EB6C4218-F42A-43F3-B72F-4AB8F4A67448}.Debug|Any CPU.ActiveCfg = Debug|Any CPU
		{EB6C4218-F42A-43F3-B72F-4AB8F4A67448}.Debug|Any CPU.Build.0 = Debug|Any CPU
		{EB6C4218-F42A-43F3-B72F-4AB8F4A67448}.Release|Any CPU.ActiveCfg = Release|Any CPU
		{EB6C4218-F42A-43F3-B72F-4AB8F4A67448}.Release|Any CPU.Build.0 = Release|Any CPU
		{338112FC-9205-4DF4-B14D-64FF1FD28EF3}.Debug|Any CPU.ActiveCfg = Debug|Any CPU
		{338112FC-9205-4DF4-B14D-64FF1FD28EF3}.Debug|Any CPU.Build.0 = Debug|Any CPU
		{338112FC-9205-4DF4-B14D-64FF1FD28EF3}.Release|Any CPU.ActiveCfg = Release|Any CPU
		{338112FC-9205-4DF4-B14D-64FF1FD28EF3}.Release|Any CPU.Build.0 = Release|Any CPU
		{BFB0B9A3-3D83-46C9-95FB-1D9FEA23A2A0}.Debug|Any CPU.ActiveCfg = Debug|Any CPU
		{BFB0B9A3-3D83-46C9-95FB-1D9FEA23A2A0}.Debug|Any CPU.Build.0 = Debug|Any CPU
		{BFB0B9A3-3D83-46C9-95FB-1D9FEA23A2A0}.Release|Any CPU.ActiveCfg = Release|Any CPU
		{BFB0B9A3-3D83-46C9-95FB-1D9FEA23A2A0}.Release|Any CPU.Build.0 = Release|Any CPU
		{0D23D69E-B98A-4D94-B698-86AD61AF64AF}.Debug|Any CPU.ActiveCfg = Debug|Any CPU
		{0D23D69E-B98A-4D94-B698-86AD61AF64AF}.Debug|Any CPU.Build.0 = Debug|Any CPU
		{0D23D69E-B98A-4D94-B698-86AD61AF64AF}.Release|Any CPU.ActiveCfg = Release|Any CPU
		{0D23D69E-B98A-4D94-B698-86AD61AF64AF}.Release|Any CPU.Build.0 = Release|Any CPU
		{1AF6472A-1E86-47FE-B04C-782E4726CF1E}.Debug|Any CPU.ActiveCfg = Debug|Any CPU
		{1AF6472A-1E86-47FE-B04C-782E4726CF1E}.Debug|Any CPU.Build.0 = Debug|Any CPU
		{1AF6472A-1E86-47FE-B04C-782E4726CF1E}.Release|Any CPU.ActiveCfg = Release|Any CPU
		{1AF6472A-1E86-47FE-B04C-782E4726CF1E}.Release|Any CPU.Build.0 = Release|Any CPU
		{551903A9-1B3E-42FE-B401-F2B0377B3D37}.Debug|Any CPU.ActiveCfg = Debug|Any CPU
		{551903A9-1B3E-42FE-B401-F2B0377B3D37}.Debug|Any CPU.Build.0 = Debug|Any CPU
		{551903A9-1B3E-42FE-B401-F2B0377B3D37}.Release|Any CPU.ActiveCfg = Release|Any CPU
		{551903A9-1B3E-42FE-B401-F2B0377B3D37}.Release|Any CPU.Build.0 = Release|Any CPU
	EndGlobalSection
	GlobalSection(SolutionProperties) = preSolution
		HideSolutionNode = FALSE
	EndGlobalSection
	GlobalSection(ExtensibilityGlobals) = postSolution
		SolutionGuid = {5EF29CC8-DDCD-4C85-8367-BB8E33FB181A}
	EndGlobalSection
EndGlobal
